// !$*UTF8*$!
{
	archiveVersion = 1;
	classes = {
	};
	objectVersion = 56;
	objects = {

/* Begin PBXBuildFile section */
		883071A12A5009B800229D8D /* AppDelegate.swift in Sources */ = {isa = PBXBuildFile; fileRef = 883071A02A5009B800229D8D /* AppDelegate.swift */; };
		883071A32A5009B800229D8D /* SceneDelegate.swift in Sources */ = {isa = PBXBuildFile; fileRef = 883071A22A5009B800229D8D /* SceneDelegate.swift */; };
		883071A52A5009B800229D8D /* CoinDetailsViewController.swift in Sources */ = {isa = PBXBuildFile; fileRef = 883071A42A5009B800229D8D /* CoinDetailsViewController.swift */; };
		883071A82A5009B800229D8D /* Main.storyboard in Resources */ = {isa = PBXBuildFile; fileRef = 883071A62A5009B800229D8D /* Main.storyboard */; };
		883071AA2A5009B800229D8D /* Assets.xcassets in Resources */ = {isa = PBXBuildFile; fileRef = 883071A92A5009B800229D8D /* Assets.xcassets */; };
		883071AD2A5009B800229D8D /* LaunchScreen.storyboard in Resources */ = {isa = PBXBuildFile; fileRef = 883071AB2A5009B800229D8D /* LaunchScreen.storyboard */; };
		883071B52A500A1800229D8D /* CoinListViewController.swift in Sources */ = {isa = PBXBuildFile; fileRef = 883071B42A500A1800229D8D /* CoinListViewController.swift */; };
		883071B72A500A3300229D8D /* Coin.swift in Sources */ = {isa = PBXBuildFile; fileRef = 883071B62A500A3300229D8D /* Coin.swift */; };
		883071B92A500A4400229D8D /* NetworkManager.swift in Sources */ = {isa = PBXBuildFile; fileRef = 883071B82A500A4400229D8D /* NetworkManager.swift */; };
		883071C22A5031E400229D8D /* CoinTableViewCell.swift in Sources */ = {isa = PBXBuildFile; fileRef = 883071C12A5031E400229D8D /* CoinTableViewCell.swift */; };
/* End PBXBuildFile section */

/* Begin PBXFileReference section */
		8830719D2A5009B800229D8D /* BestCoinPrice.app */ = {isa = PBXFileReference; explicitFileType = wrapper.application; includeInIndex = 0; path = BestCoinPrice.app; sourceTree = BUILT_PRODUCTS_DIR; };
		883071A02A5009B800229D8D /* AppDelegate.swift */ = {isa = PBXFileReference; lastKnownFileType = sourcecode.swift; path = AppDelegate.swift; sourceTree = "<group>"; };
		883071A22A5009B800229D8D /* SceneDelegate.swift */ = {isa = PBXFileReference; lastKnownFileType = sourcecode.swift; path = SceneDelegate.swift; sourceTree = "<group>"; };
		883071A42A5009B800229D8D /* CoinDetailsViewController.swift */ = {isa = PBXFileReference; lastKnownFileType = sourcecode.swift; path = CoinDetailsViewController.swift; sourceTree = "<group>"; };
		883071A72A5009B800229D8D /* Base */ = {isa = PBXFileReference; lastKnownFileType = file.storyboard; name = Base; path = Base.lproj/Main.storyboard; sourceTree = "<group>"; };
		883071A92A5009B800229D8D /* Assets.xcassets */ = {isa = PBXFileReference; lastKnownFileType = folder.assetcatalog; path = Assets.xcassets; sourceTree = "<group>"; };
		883071AC2A5009B800229D8D /* Base */ = {isa = PBXFileReference; lastKnownFileType = file.storyboard; name = Base; path = Base.lproj/LaunchScreen.storyboard; sourceTree = "<group>"; };
		883071AE2A5009B800229D8D /* Info.plist */ = {isa = PBXFileReference; lastKnownFileType = text.plist.xml; path = Info.plist; sourceTree = "<group>"; };
		883071B42A500A1800229D8D /* CoinListViewController.swift */ = {isa = PBXFileReference; lastKnownFileType = sourcecode.swift; path = CoinListViewController.swift; sourceTree = "<group>"; };
		883071B62A500A3300229D8D /* Coin.swift */ = {isa = PBXFileReference; lastKnownFileType = sourcecode.swift; path = Coin.swift; sourceTree = "<group>"; };
		883071B82A500A4400229D8D /* NetworkManager.swift */ = {isa = PBXFileReference; lastKnownFileType = sourcecode.swift; path = NetworkManager.swift; sourceTree = "<group>"; };
		883071C12A5031E400229D8D /* CoinTableViewCell.swift */ = {isa = PBXFileReference; lastKnownFileType = sourcecode.swift; path = CoinTableViewCell.swift; sourceTree = "<group>"; };
/* End PBXFileReference section */

/* Begin PBXFrameworksBuildPhase section */
		8830719A2A5009B800229D8D /* Frameworks */ = {
			isa = PBXFrameworksBuildPhase;
			buildActionMask = 2147483647;
			files = (
			);
			runOnlyForDeploymentPostprocessing = 0;
		};
/* End PBXFrameworksBuildPhase section */

/* Begin PBXGroup section */
		883071942A5009B800229D8D = {
			isa = PBXGroup;
			children = (
				8830719F2A5009B800229D8D /* BestCoinPrice */,
				8830719E2A5009B800229D8D /* Products */,
			);
			sourceTree = "<group>";
		};
		8830719E2A5009B800229D8D /* Products */ = {
			isa = PBXGroup;
			children = (
				8830719D2A5009B800229D8D /* BestCoinPrice.app */,
			);
			name = Products;
			sourceTree = "<group>";
		};
		8830719F2A5009B800229D8D /* BestCoinPrice */ = {
			isa = PBXGroup;
			children = (
				883071C02A5031B200229D8D /* Views */,
				883071BF2A5012B700229D8D /* ViewControllers */,
				883071BD2A50125800229D8D /* Storyboards */,
				883071BB2A50124000229D8D /* Models */,
				883071BC2A50124B00229D8D /* Servises */,
				883071A92A5009B800229D8D /* Assets.xcassets */,
				883071BE2A5012A600229D8D /* App */,
			);
			path = BestCoinPrice;
			sourceTree = "<group>";
		};
		883071BB2A50124000229D8D /* Models */ = {
			isa = PBXGroup;
			children = (
				883071B62A500A3300229D8D /* Coin.swift */,
			);
			path = Models;
			sourceTree = "<group>";
		};
		883071BC2A50124B00229D8D /* Servises */ = {
			isa = PBXGroup;
			children = (
				883071B82A500A4400229D8D /* NetworkManager.swift */,
			);
			path = Servises;
			sourceTree = "<group>";
		};
		883071BD2A50125800229D8D /* Storyboards */ = {
			isa = PBXGroup;
			children = (
				883071A62A5009B800229D8D /* Main.storyboard */,
				883071AB2A5009B800229D8D /* LaunchScreen.storyboard */,
			);
			path = Storyboards;
			sourceTree = "<group>";
		};
		883071BE2A5012A600229D8D /* App */ = {
			isa = PBXGroup;
			children = (
				883071A02A5009B800229D8D /* AppDelegate.swift */,
				883071A22A5009B800229D8D /* SceneDelegate.swift */,
				883071AE2A5009B800229D8D /* Info.plist */,
			);
			path = App;
			sourceTree = "<group>";
		};
		883071BF2A5012B700229D8D /* ViewControllers */ = {
			isa = PBXGroup;
			children = (
				883071A42A5009B800229D8D /* CoinDetailsViewController.swift */,
				883071B42A500A1800229D8D /* CoinListViewController.swift */,
			);
			path = ViewControllers;
			sourceTree = "<group>";
		};
		883071C02A5031B200229D8D /* Views */ = {
			isa = PBXGroup;
			children = (
				883071C12A5031E400229D8D /* CoinTableViewCell.swift */,
			);
			path = Views;
			sourceTree = "<group>";
		};
/* End PBXGroup section */

/* Begin PBXNativeTarget section */
		8830719C2A5009B800229D8D /* BestCoinPrice */ = {
			isa = PBXNativeTarget;
			buildConfigurationList = 883071B12A5009B800229D8D /* Build configuration list for PBXNativeTarget "BestCoinPrice" */;
			buildPhases = (
				883071992A5009B800229D8D /* Sources */,
				8830719A2A5009B800229D8D /* Frameworks */,
				8830719B2A5009B800229D8D /* Resources */,
			);
			buildRules = (
			);
			dependencies = (
			);
			name = BestCoinPrice;
			productName = BestCoinPrice;
			productReference = 8830719D2A5009B800229D8D /* BestCoinPrice.app */;
			productType = "com.apple.product-type.application";
		};
/* End PBXNativeTarget section */

/* Begin PBXProject section */
		883071952A5009B800229D8D /* Project object */ = {
			isa = PBXProject;
			attributes = {
				BuildIndependentTargetsInParallel = 1;
				LastSwiftUpdateCheck = 1430;
				LastUpgradeCheck = 1430;
				TargetAttributes = {
					8830719C2A5009B800229D8D = {
						CreatedOnToolsVersion = 14.3.1;
					};
				};
			};
			buildConfigurationList = 883071982A5009B800229D8D /* Build configuration list for PBXProject "BestCoinPrice" */;
			compatibilityVersion = "Xcode 14.0";
			developmentRegion = en;
			hasScannedForEncodings = 0;
			knownRegions = (
				en,
				Base,
			);
			mainGroup = 883071942A5009B800229D8D;
			productRefGroup = 8830719E2A5009B800229D8D /* Products */;
			projectDirPath = "";
			projectRoot = "";
			targets = (
				8830719C2A5009B800229D8D /* BestCoinPrice */,
			);
		};
/* End PBXProject section */

/* Begin PBXResourcesBuildPhase section */
		8830719B2A5009B800229D8D /* Resources */ = {
			isa = PBXResourcesBuildPhase;
			buildActionMask = 2147483647;
			files = (
				883071AD2A5009B800229D8D /* LaunchScreen.storyboard in Resources */,
				883071AA2A5009B800229D8D /* Assets.xcassets in Resources */,
				883071A82A5009B800229D8D /* Main.storyboard in Resources */,
			);
			runOnlyForDeploymentPostprocessing = 0;
		};
/* End PBXResourcesBuildPhase section */

/* Begin PBXSourcesBuildPhase section */
		883071992A5009B800229D8D /* Sources */ = {
			isa = PBXSourcesBuildPhase;
			buildActionMask = 2147483647;
			files = (
				883071B92A500A4400229D8D /* NetworkManager.swift in Sources */,
				883071A52A5009B800229D8D /* CoinDetailsViewController.swift in Sources */,
				883071A12A5009B800229D8D /* AppDelegate.swift in Sources */,
				883071A32A5009B800229D8D /* SceneDelegate.swift in Sources */,
				883071B72A500A3300229D8D /* Coin.swift in Sources */,
				883071B52A500A1800229D8D /* CoinListViewController.swift in Sources */,
				883071C22A5031E400229D8D /* CoinTableViewCell.swift in Sources */,
			);
			runOnlyForDeploymentPostprocessing = 0;
		};
/* End PBXSourcesBuildPhase section */

/* Begin PBXVariantGroup section */
		883071A62A5009B800229D8D /* Main.storyboard */ = {
			isa = PBXVariantGroup;
			children = (
				883071A72A5009B800229D8D /* Base */,
			);
			name = Main.storyboard;
			sourceTree = "<group>";
		};
		883071AB2A5009B800229D8D /* LaunchScreen.storyboard */ = {
			isa = PBXVariantGroup;
			children = (
				883071AC2A5009B800229D8D /* Base */,
			);
			name = LaunchScreen.storyboard;
			sourceTree = "<group>";
		};
/* End PBXVariantGroup section */

/* Begin XCBuildConfiguration section */
		883071AF2A5009B800229D8D /* Debug */ = {
			isa = XCBuildConfiguration;
			buildSettings = {
				ALWAYS_SEARCH_USER_PATHS = NO;
				CLANG_ANALYZER_NONNULL = YES;
				CLANG_ANALYZER_NUMBER_OBJECT_CONVERSION = YES_AGGRESSIVE;
				CLANG_CXX_LANGUAGE_STANDARD = "gnu++20";
				CLANG_ENABLE_MODULES = YES;
				CLANG_ENABLE_OBJC_ARC = YES;
				CLANG_ENABLE_OBJC_WEAK = YES;
				CLANG_WARN_BLOCK_CAPTURE_AUTORELEASING = YES;
				CLANG_WARN_BOOL_CONVERSION = YES;
				CLANG_WARN_COMMA = YES;
				CLANG_WARN_CONSTANT_CONVERSION = YES;
				CLANG_WARN_DEPRECATED_OBJC_IMPLEMENTATIONS = YES;
				CLANG_WARN_DIRECT_OBJC_ISA_USAGE = YES_ERROR;
				CLANG_WARN_DOCUMENTATION_COMMENTS = YES;
				CLANG_WARN_EMPTY_BODY = YES;
				CLANG_WARN_ENUM_CONVERSION = YES;
				CLANG_WARN_INFINITE_RECURSION = YES;
				CLANG_WARN_INT_CONVERSION = YES;
				CLANG_WARN_NON_LITERAL_NULL_CONVERSION = YES;
				CLANG_WARN_OBJC_IMPLICIT_RETAIN_SELF = YES;
				CLANG_WARN_OBJC_LITERAL_CONVERSION = YES;
				CLANG_WARN_OBJC_ROOT_CLASS = YES_ERROR;
				CLANG_WARN_QUOTED_INCLUDE_IN_FRAMEWORK_HEADER = YES;
				CLANG_WARN_RANGE_LOOP_ANALYSIS = YES;
				CLANG_WARN_STRICT_PROTOTYPES = YES;
				CLANG_WARN_SUSPICIOUS_MOVE = YES;
				CLANG_WARN_UNGUARDED_AVAILABILITY = YES_AGGRESSIVE;
				CLANG_WARN_UNREACHABLE_CODE = YES;
				CLANG_WARN__DUPLICATE_METHOD_MATCH = YES;
				COPY_PHASE_STRIP = NO;
				DEBUG_INFORMATION_FORMAT = dwarf;
				ENABLE_STRICT_OBJC_MSGSEND = YES;
				ENABLE_TESTABILITY = YES;
				GCC_C_LANGUAGE_STANDARD = gnu11;
				GCC_DYNAMIC_NO_PIC = NO;
				GCC_NO_COMMON_BLOCKS = YES;
				GCC_OPTIMIZATION_LEVEL = 0;
				GCC_PREPROCESSOR_DEFINITIONS = (
					"DEBUG=1",
					"$(inherited)",
				);
				GCC_WARN_64_TO_32_BIT_CONVERSION = YES;
				GCC_WARN_ABOUT_RETURN_TYPE = YES_ERROR;
				GCC_WARN_UNDECLARED_SELECTOR = YES;
				GCC_WARN_UNINITIALIZED_AUTOS = YES_AGGRESSIVE;
				GCC_WARN_UNUSED_FUNCTION = YES;
				GCC_WARN_UNUSED_VARIABLE = YES;
				IPHONEOS_DEPLOYMENT_TARGET = 16.4;
				MTL_ENABLE_DEBUG_INFO = INCLUDE_SOURCE;
				MTL_FAST_MATH = YES;
				ONLY_ACTIVE_ARCH = YES;
				SDKROOT = iphoneos;
				SWIFT_ACTIVE_COMPILATION_CONDITIONS = DEBUG;
				SWIFT_OPTIMIZATION_LEVEL = "-Onone";
			};
			name = Debug;
		};
		883071B02A5009B800229D8D /* Release */ = {
			isa = XCBuildConfiguration;
			buildSettings = {
				ALWAYS_SEARCH_USER_PATHS = NO;
				CLANG_ANALYZER_NONNULL = YES;
				CLANG_ANALYZER_NUMBER_OBJECT_CONVERSION = YES_AGGRESSIVE;
				CLANG_CXX_LANGUAGE_STANDARD = "gnu++20";
				CLANG_ENABLE_MODULES = YES;
				CLANG_ENABLE_OBJC_ARC = YES;
				CLANG_ENABLE_OBJC_WEAK = YES;
				CLANG_WARN_BLOCK_CAPTURE_AUTORELEASING = YES;
				CLANG_WARN_BOOL_CONVERSION = YES;
				CLANG_WARN_COMMA = YES;
				CLANG_WARN_CONSTANT_CONVERSION = YES;
				CLANG_WARN_DEPRECATED_OBJC_IMPLEMENTATIONS = YES;
				CLANG_WARN_DIRECT_OBJC_ISA_USAGE = YES_ERROR;
				CLANG_WARN_DOCUMENTATION_COMMENTS = YES;
				CLANG_WARN_EMPTY_BODY = YES;
				CLANG_WARN_ENUM_CONVERSION = YES;
				CLANG_WARN_INFINITE_RECURSION = YES;
				CLANG_WARN_INT_CONVERSION = YES;
				CLANG_WARN_NON_LITERAL_NULL_CONVERSION = YES;
				CLANG_WARN_OBJC_IMPLICIT_RETAIN_SELF = YES;
				CLANG_WARN_OBJC_LITERAL_CONVERSION = YES;
				CLANG_WARN_OBJC_ROOT_CLASS = YES_ERROR;
				CLANG_WARN_QUOTED_INCLUDE_IN_FRAMEWORK_HEADER = YES;
				CLANG_WARN_RANGE_LOOP_ANALYSIS = YES;
				CLANG_WARN_STRICT_PROTOTYPES = YES;
				CLANG_WARN_SUSPICIOUS_MOVE = YES;
				CLANG_WARN_UNGUARDED_AVAILABILITY = YES_AGGRESSIVE;
				CLANG_WARN_UNREACHABLE_CODE = YES;
				CLANG_WARN__DUPLICATE_METHOD_MATCH = YES;
				COPY_PHASE_STRIP = NO;
				DEBUG_INFORMATION_FORMAT = "dwarf-with-dsym";
				ENABLE_NS_ASSERTIONS = NO;
				ENABLE_STRICT_OBJC_MSGSEND = YES;
				GCC_C_LANGUAGE_STANDARD = gnu11;
				GCC_NO_COMMON_BLOCKS = YES;
				GCC_WARN_64_TO_32_BIT_CONVERSION = YES;
				GCC_WARN_ABOUT_RETURN_TYPE = YES_ERROR;
				GCC_WARN_UNDECLARED_SELECTOR = YES;
				GCC_WARN_UNINITIALIZED_AUTOS = YES_AGGRESSIVE;
				GCC_WARN_UNUSED_FUNCTION = YES;
				GCC_WARN_UNUSED_VARIABLE = YES;
				IPHONEOS_DEPLOYMENT_TARGET = 16.4;
				MTL_ENABLE_DEBUG_INFO = NO;
				MTL_FAST_MATH = YES;
				SDKROOT = iphoneos;
				SWIFT_COMPILATION_MODE = wholemodule;
				SWIFT_OPTIMIZATION_LEVEL = "-O";
				VALIDATE_PRODUCT = YES;
			};
			name = Release;
		};
		883071B22A5009B800229D8D /* Debug */ = {
			isa = XCBuildConfiguration;
			buildSettings = {
				ASSETCATALOG_COMPILER_APPICON_NAME = AppIcon;
				ASSETCATALOG_COMPILER_GLOBAL_ACCENT_COLOR_NAME = AccentColor;
				CODE_SIGN_STYLE = Automatic;
				CURRENT_PROJECT_VERSION = 1;
				DEVELOPMENT_TEAM = K4NPPTUJ49;
				GENERATE_INFOPLIST_FILE = YES;
				INFOPLIST_FILE = BestCoinPrice/App/Info.plist;
				INFOPLIST_KEY_UIApplicationSupportsIndirectInputEvents = YES;
				INFOPLIST_KEY_UILaunchStoryboardName = LaunchScreen;
				INFOPLIST_KEY_UIMainStoryboardFile = Main;
				INFOPLIST_KEY_UISupportedInterfaceOrientations = UIInterfaceOrientationPortrait;
				INFOPLIST_KEY_UISupportedInterfaceOrientations_iPad = "UIInterfaceOrientationLandscapeLeft UIInterfaceOrientationLandscapeRight UIInterfaceOrientationPortrait UIInterfaceOrientationPortraitUpsideDown";
				IPHONEOS_DEPLOYMENT_TARGET = 16.4;
				LD_RUNPATH_SEARCH_PATHS = (
					"$(inherited)",
					"@executable_path/Frameworks",
				);
				MARKETING_VERSION = 1.0;
				PRODUCT_BUNDLE_IDENTIFIER = latushkin.as.BestCoinPrice;
				PRODUCT_NAME = "$(TARGET_NAME)";
				SUPPORTED_PLATFORMS = "iphoneos iphonesimulator";
				SUPPORTS_MACCATALYST = NO;
				SUPPORTS_MAC_DESIGNED_FOR_IPHONE_IPAD = NO;
				SWIFT_EMIT_LOC_STRINGS = YES;
				SWIFT_VERSION = 5.0;
				TARGETED_DEVICE_FAMILY = 1;
			};
			name = Debug;
		};
		883071B32A5009B800229D8D /* Release */ = {
			isa = XCBuildConfiguration;
			buildSettings = {
				ASSETCATALOG_COMPILER_APPICON_NAME = AppIcon;
				ASSETCATALOG_COMPILER_GLOBAL_ACCENT_COLOR_NAME = AccentColor;
				CODE_SIGN_STYLE = Automatic;
				CURRENT_PROJECT_VERSION = 1;
				DEVELOPMENT_TEAM = K4NPPTUJ49;
				GENERATE_INFOPLIST_FILE = YES;
				INFOPLIST_FILE = BestCoinPrice/App/Info.plist;
				INFOPLIST_KEY_UIApplicationSupportsIndirectInputEvents = YES;
				INFOPLIST_KEY_UILaunchStoryboardName = LaunchScreen;
				INFOPLIST_KEY_UIMainStoryboardFile = Main;
				INFOPLIST_KEY_UISupportedInterfaceOrientations = UIInterfaceOrientationPortrait;
				INFOPLIST_KEY_UISupportedInterfaceOrientations_iPad = "UIInterfaceOrientationLandscapeLeft UIInterfaceOrientationLandscapeRight UIInterfaceOrientationPortrait UIInterfaceOrientationPortraitUpsideDown";
				IPHONEOS_DEPLOYMENT_TARGET = 16.4;
				LD_RUNPATH_SEARCH_PATHS = (
					"$(inherited)",
					"@executable_path/Frameworks",
				);
				MARKETING_VERSION = 1.0;
				PRODUCT_BUNDLE_IDENTIFIER = latushkin.as.BestCoinPrice;
				PRODUCT_NAME = "$(TARGET_NAME)";
				SUPPORTED_PLATFORMS = "iphoneos iphonesimulator";
				SUPPORTS_MACCATALYST = NO;
				SUPPORTS_MAC_DESIGNED_FOR_IPHONE_IPAD = NO;
				SWIFT_EMIT_LOC_STRINGS = YES;
				SWIFT_VERSION = 5.0;
				TARGETED_DEVICE_FAMILY = 1;
			};
			name = Release;
		};
/* End XCBuildConfiguration section */

/* Begin XCConfigurationList section */
		883071982A5009B800229D8D /* Build configuration list for PBXProject "BestCoinPrice" */ = {
			isa = XCConfigurationList;
			buildConfigurations = (
				883071AF2A5009B800229D8D /* Debug */,
				883071B02A5009B800229D8D /* Release */,
			);
			defaultConfigurationIsVisible = 0;
			defaultConfigurationName = Release;
		};
		883071B12A5009B800229D8D /* Build configuration list for PBXNativeTarget "BestCoinPrice" */ = {
			isa = XCConfigurationList;
			buildConfigurations = (
				883071B22A5009B800229D8D /* Debug */,
				883071B32A5009B800229D8D /* Release */,
			);
			defaultConfigurationIsVisible = 0;
			defaultConfigurationName = Release;
		};
/* End XCConfigurationList section */
	};
	rootObject = 883071952A5009B800229D8D /* Project object */;
}
